
Microsoft Visual Studio Solution File, Format Version 12.00
# Visual Studio 2012
Project("{2150E333-8FDC-42A3-9474-1A3956D46DE8}") = "Solution Items", "Solution Items", "{A48D68C0-DC10-46AF-BFD1-D09FCEA7B72D}"
	ProjectSection(SolutionItems) = preProject
		Integrator.vsmdi = Integrator.vsmdi
		Local.testsettings = Local.testsettings
		TraceAndTestImpact.testsettings = TraceAndTestImpact.testsettings
	EndProjectSection
EndProject
Project("{FAE04EC0-301F-11D3-BF4B-00C04F79EFBC}") = "Integrator", "Integrator\Integrator.csproj", "{AEC2255D-FAEA-41A9-A715-4E09F67A798D}"
EndProject
Project("{FAE04EC0-301F-11D3-BF4B-00C04F79EFBC}") = "Integrator.BL", "Integrator.BL\Integrator.BL.csproj", "{CA89CB8E-7F3C-42AC-9894-B4DAA1381655}"
EndProject
Project("{FAE04EC0-301F-11D3-BF4B-00C04F79EFBC}") = "TestIntegraor", "TestXmlController\TestIntegraor.csproj", "{CA6C7A6B-5B32-4231-BA79-61EF9D989B67}"
EndProject
Global
	GlobalSection(TestCaseManagementSettings) = postSolution
		CategoryFile = Integrator.vsmdi
	EndGlobalSection
	GlobalSection(SolutionConfigurationPlatforms) = preSolution
		Debug|Any CPU = Debug|Any CPU
		Release|Any CPU = Release|Any CPU
	EndGlobalSection
	GlobalSection(ProjectConfigurationPlatforms) = postSolution
		{AEC2255D-FAEA-41A9-A715-4E09F67A798D}.Debug|Any CPU.ActiveCfg = Debug|Any CPU
		{AEC2255D-FAEA-41A9-A715-4E09F67A798D}.Debug|Any CPU.Build.0 = Debug|Any CPU
		{AEC2255D-FAEA-41A9-A715-4E09F67A798D}.Release|Any CPU.ActiveCfg = Release|Any CPU
		{AEC2255D-FAEA-41A9-A715-4E09F67A798D}.Release|Any CPU.Build.0 = Release|Any CPU
		{CA6C7A6B-5B32-4231-BA79-61EF9D989B67}.Debug|Any CPU.ActiveCfg = Debug|Any CPU
		{CA6C7A6B-5B32-4231-BA79-61EF9D989B67}.Debug|Any CPU.Build.0 = Debug|Any CPU
		{CA6C7A6B-5B32-4231-BA79-61EF9D989B67}.Release|Any CPU.ActiveCfg = Release|Any CPU
		{CA6C7A6B-5B32-4231-BA79-61EF9D989B67}.Release|Any CPU.Build.0 = Release|Any CPU
		{CA89CB8E-7F3C-42AC-9894-B4DAA1381655}.Debug|Any CPU.ActiveCfg = Debug|Any CPU
		{CA89CB8E-7F3C-42AC-9894-B4DAA1381655}.Debug|Any CPU.Build.0 = Debug|Any CPU
		{CA89CB8E-7F3C-42AC-9894-B4DAA1381655}.Release|Any CPU.ActiveCfg = Release|Any CPU
		{CA89CB8E-7F3C-42AC-9894-B4DAA1381655}.Release|Any CPU.Build.0 = Release|Any CPU
	EndGlobalSection
	GlobalSection(SolutionProperties) = preSolution
		HideSolutionNode = FALSE
	EndGlobalSection
EndGlobal
